
Microsoft Visual Studio Solution File, Format Version 12.00
# Visual Studio Version 16
VisualStudioVersion = 16.0.30907.101
MinimumVisualStudioVersion = 10.0.40219.1
Project("{FAE04EC0-301F-11D3-BF4B-00C04F79EFBC}") = "Proiect_ImprumuturiBiblioteca", "Proiect_ImprumuturiBiblioteca.csproj", "{1CADDF5B-1BA0-457A-9451-12B00055A5F5}"
EndProject
Global
	GlobalSection(SolutionConfigurationPlatforms) = preSolution
		Debug|Any CPU = Debug|Any CPU
		Release|Any CPU = Release|Any CPU
	EndGlobalSection
	GlobalSection(ProjectConfigurationPlatforms) = postSolution
		{1CADDF5B-1BA0-457A-9451-12B00055A5F5}.Debug|Any CPU.ActiveCfg = Debug|Any CPU
		{1CADDF5B-1BA0-457A-9451-12B00055A5F5}.Debug|Any CPU.Build.0 = Debug|Any CPU
		{1CADDF5B-1BA0-457A-9451-12B00055A5F5}.Release|Any CPU.ActiveCfg = Release|Any CPU
		{1CADDF5B-1BA0-457A-9451-12B00055A5F5}.Release|Any CPU.Build.0 = Release|Any CPU
	EndGlobalSection
	GlobalSection(SolutionProperties) = preSolution
		HideSolutionNode = FALSE
	EndGlobalSection
	GlobalSection(ExtensibilityGlobals) = postSolution
		SolutionGuid = {5A9ECA1D-0B84-46FE-8901-B0F4A5490B8B}
	EndGlobalSection
EndGlobal
